# THIS IS AN AUTOGENERATED FILE. DO NOT EDIT THIS FILE DIRECTLY.
# yarn lockfile v1


"@types/classnames@^2.2.11":
  version "2.3.1"
  resolved "https://registry.npmjs.org/@types/classnames/-/classnames-2.3.1.tgz#3c2467aa0f1a93f1f021e3b9bcf938bd5dfdc0dd"
  integrity sha512-zeOWb0JGBoVmlQoznvqXbE0tEC/HONsnoUNH19Hc96NFsTAwTXbTqb8FMYkru1F/iqp7a18Ws3nWJvtA1sHD1A==
  dependencies:
    classnames "*"

"@types/prop-types@*":
  version "15.7.5"
  resolved "https://registry.npmjs.org/@types/prop-types/-/prop-types-15.7.5.tgz#5f19d2b85a98e9558036f6a3cacc8819420f05cf"
  integrity sha512-JCB8C6SnDoQf0cNycqd/35A7MjcnK+ZTqE7judS6o7utxUCg6imJg3QK2qzHKszlTjcj2cn+NwMB2i96ubpj7w==

"@types/react-dom@^18.2.7":
  version "18.2.14"
  resolved "https://registry.npmmirror.com/@types/react-dom/-/react-dom-18.2.14.tgz#c01ba40e5bb57fc1dc41569bb3ccdb19eab1c539"
  integrity sha512-V835xgdSVmyQmI1KLV2BEIUgqEuinxp9O4G6g3FqO/SqLac049E53aysv0oEFD2kHfejeKU+ZqL2bcFWj9gLAQ==
  dependencies:
    "@types/react" "*"

"@types/react@*", "@types/react@^18.2.21":
  version "18.2.31"
  resolved "https://registry.npmmirror.com/@types/react/-/react-18.2.31.tgz#74ae2630e4aa9af599584157abd3b95d96fb9b40"
  integrity sha512-c2UnPv548q+5DFh03y8lEDeMfDwBn9G3dRwfkrxQMo/dOtRHUUO57k6pHvBIfH/VF4Nh+98mZ5aaSe+2echD5g==
  dependencies:
    "@types/prop-types" "*"
    "@types/scheduler" "*"
    csstype "^3.0.2"

"@types/scheduler@*":
  version "0.16.2"
  resolved "https://registry.npmjs.org/@types/scheduler/-/scheduler-0.16.2.tgz#1a62f89525723dde24ba1b01b092bf5df8ad4d39"
  integrity sha512-hppQEBDmlwhFAXKJX2KnWLYu5yMfi91yazPb2l+lbJiwW+wdo1gNeRA+3RgNSO39WYX2euey41KEwnqesU2Jew==

classnames@*:
  version "2.3.1"
  resolved "https://registry.npmjs.org/classnames/-/classnames-2.3.1.tgz#dfcfa3891e306ec1dad105d0e88f4417b8535e8e"
  integrity sha512-OlQdbZ7gLfGarSqxesMesDa5uz7KFbID8Kpq/SxIoNGDqY8lSYs0D+hhtBXhcdB3rcbXArFr7vlHheLk1voeNA==

csstype@^3.0.2:
  version "3.1.0"
  resolved "https://registry.npmjs.org/csstype/-/csstype-3.1.0.tgz#4ddcac3718d787cf9df0d1b7d15033925c8f29f2"
  integrity sha512-uX1KG+x9h5hIJsaKR9xHUeUraxf8IODOwq9JLNPq6BwB04a/xgpq3rcx47l5BZu5zBPlgD342tdke3Hom/nJRA==
