# THIS IS AN AUTOGENERATED FILE. DO NOT EDIT THIS FILE DIRECTLY.
# yarn lockfile v1


"@types/classnames@^2.2.11":
  version "2.3.1"
  resolved "https://registry.npmmirror.com/@types/classnames/-/classnames-2.3.1.tgz#3c2467aa0f1a93f1f021e3b9bcf938bd5dfdc0dd"
  integrity sha512-zeOWb0JGBoVmlQoznvqXbE0tEC/HONsnoUNH19Hc96NFsTAwTXbTqb8FMYkru1F/iqp7a18Ws3nWJvtA1sHD1A==
  dependencies:
    classnames "*"

"@types/prop-types@*":
  version "15.7.5"
  resolved "https://registry.npmmirror.com/@types/prop-types/-/prop-types-15.7.5.tgz#5f19d2b85a98e9558036f6a3cacc8819420f05cf"
  integrity sha512-JCB8C6SnDoQf0cNycqd/35A7MjcnK+ZTqE7judS6o7utxUCg6imJg3QK2qzHKszlTjcj2cn+NwMB2i96ubpj7w==

"@types/react-dom@^16.9.9":
  version "16.9.18"
  resolved "https://registry.npmmirror.com/@types/react-dom/-/react-dom-16.9.18.tgz#1fda8b84370b1339d639a797a84c16d5a195b419"
  integrity sha512-lmNARUX3+rNF/nmoAFqasG0jAA7q6MeGZK/fdeLwY3kAA4NPgHHrG5bNQe2B5xmD4B+x6Z6h0rEJQ7MEEgQxsw==
  dependencies:
    "@types/react" "^16"

"@types/react@^16", "@types/react@^16.14.2":
  version "16.14.37"
  resolved "https://registry.npmmirror.com/@types/react/-/react-16.14.37.tgz#46bab00eee7829e7551ec8d7d1b12afd5de84a87"
  integrity sha512-Jy/9txct4JC2nQsJNACeFczzIQ2Bh7s1PZpbYMs9jbj/jREWxEH0qGFYYZb7dq7H1sU0AAzHAPevtxBHGk6N6Q==
  dependencies:
    "@types/prop-types" "*"
    "@types/scheduler" "*"
    csstype "^3.0.2"

"@types/scheduler@*":
  version "0.16.3"
  resolved "https://registry.npmmirror.com/@types/scheduler/-/scheduler-0.16.3.tgz#cef09e3ec9af1d63d2a6cc5b383a737e24e6dcf5"
  integrity sha512-5cJ8CB4yAx7BH1oMvdU0Jh9lrEXyPkar6F9G/ERswkCuvP4KQZfZkSjcMbAICCpQTN4OuZn8tz0HiKv9TGZgrQ==

classnames@*:
  version "2.3.2"
  resolved "https://registry.npmmirror.com/classnames/-/classnames-2.3.2.tgz#351d813bf0137fcc6a76a16b88208d2560a0d924"
  integrity sha512-CSbhY4cFEJRe6/GQzIk5qXZ4Jeg5pcsP7b5peFSDpffpe1cqjASH/n9UTjBwOp6XpMSTwQ8Za2K5V02ueA7Tmw==

csstype@^3.0.2:
  version "3.1.1"
  resolved "https://registry.npmmirror.com/csstype/-/csstype-3.1.1.tgz#841b532c45c758ee546a11d5bd7b7b473c8c30b9"
  integrity sha512-DJR/VvkAvSZW9bTouZue2sSxDwdTN92uHjqeKVm+0dAqdfNykRzQ95tay8aXMBAAPpUiq4Qcug2L7neoRh2Egw==
